
Microsoft Visual Studio Solution File, Format Version 12.00
# Visual Studio Version 17
VisualStudioVersion = 17.1.32210.238
MinimumVisualStudioVersion = 10.0.40219.1
Project("{FAE04EC0-301F-11D3-BF4B-00C04F79EFBC}") = "ADVATask", "ADVATask.csproj", "{3DF0A03C-80EA-4AC0-8EF4-2CA6C2314E74}"
EndProject
Global
	GlobalSection(SolutionConfigurationPlatforms) = preSolution
		Debug|Any CPU = Debug|Any CPU
		Release|Any CPU = Release|Any CPU
	EndGlobalSection
	GlobalSection(ProjectConfigurationPlatforms) = postSolution
		{3DF0A03C-80EA-4AC0-8EF4-2CA6C2314E74}.Debug|Any CPU.ActiveCfg = Debug|Any CPU
		{3DF0A03C-80EA-4AC0-8EF4-2CA6C2314E74}.Debug|Any CPU.Build.0 = Debug|Any CPU
		{3DF0A03C-80EA-4AC0-8EF4-2CA6C2314E74}.Release|Any CPU.ActiveCfg = Release|Any CPU
		{3DF0A03C-80EA-4AC0-8EF4-2CA6C2314E74}.Release|Any CPU.Build.0 = Release|Any CPU
	EndGlobalSection
	GlobalSection(SolutionProperties) = preSolution
		HideSolutionNode = FALSE
	EndGlobalSection
	GlobalSection(ExtensibilityGlobals) = postSolution
		SolutionGuid = {28D83DDF-6B53-4959-B262-7D9898851FA8}
	EndGlobalSection
EndGlobal
